
Microsoft Visual Studio Solution File, Format Version 12.00
# Visual Studio Version 17
VisualStudioVersion = 17.11.35327.3
MinimumVisualStudioVersion = 10.0.40219.1
Project("{FAE04EC0-301F-11D3-BF4B-00C04F79EFBC}") = "ParkhausSW", "ParkhausSW\ParkhausSW.csproj", "{833FDD64-9589-4BE7-9B51-F25FA8BC6409}"
EndProject
Project("{FAE04EC0-301F-11D3-BF4B-00C04F79EFBC}") = "ParkhausSW.Tests", "ParkhausSW.Tests\ParkhausSW.Tests.csproj", "{64439289-0FE6-4E94-BB1A-52381810D486}"
EndProject
Global
	GlobalSection(SolutionConfigurationPlatforms) = preSolution
		Debug|Any CPU = Debug|Any CPU
		Release|Any CPU = Release|Any CPU
	EndGlobalSection
	GlobalSection(ProjectConfigurationPlatforms) = postSolution
		{833FDD64-9589-4BE7-9B51-F25FA8BC6409}.Debug|Any CPU.ActiveCfg = Debug|Any CPU
		{833FDD64-9589-4BE7-9B51-F25FA8BC6409}.Debug|Any CPU.Build.0 = Debug|Any CPU
		{833FDD64-9589-4BE7-9B51-F25FA8BC6409}.Release|Any CPU.ActiveCfg = Release|Any CPU
		{833FDD64-9589-4BE7-9B51-F25FA8BC6409}.Release|Any CPU.Build.0 = Release|Any CPU
		{64439289-0FE6-4E94-BB1A-52381810D486}.Debug|Any CPU.ActiveCfg = Debug|Any CPU
		{64439289-0FE6-4E94-BB1A-52381810D486}.Debug|Any CPU.Build.0 = Debug|Any CPU
		{64439289-0FE6-4E94-BB1A-52381810D486}.Release|Any CPU.ActiveCfg = Release|Any CPU
		{64439289-0FE6-4E94-BB1A-52381810D486}.Release|Any CPU.Build.0 = Release|Any CPU
	EndGlobalSection
	GlobalSection(SolutionProperties) = preSolution
		HideSolutionNode = FALSE
	EndGlobalSection
	GlobalSection(ExtensibilityGlobals) = postSolution
		SolutionGuid = {08946BED-AAEF-4021-B982-E5DAB8275BA6}
	EndGlobalSection
EndGlobal
